
Microsoft Visual Studio Solution File, Format Version 12.00
# Visual Studio Version 17
VisualStudioVersion = 17.7.34031.279
MinimumVisualStudioVersion = 10.0.40219.1
Project("{FAE04EC0-301F-11D3-BF4B-00C04F79EFBC}") = "Exercise_6", "Exercise_6\Exercise_6.csproj", "{2E4B4C29-D9CB-4BF1-98CE-3CB0463B886F}"
EndProject
Global
	GlobalSection(SolutionConfigurationPlatforms) = preSolution
		Debug|Any CPU = Debug|Any CPU
		Release|Any CPU = Release|Any CPU
	EndGlobalSection
	GlobalSection(ProjectConfigurationPlatforms) = postSolution
		{2E4B4C29-D9CB-4BF1-98CE-3CB0463B886F}.Debug|Any CPU.ActiveCfg = Debug|Any CPU
		{2E4B4C29-D9CB-4BF1-98CE-3CB0463B886F}.Debug|Any CPU.Build.0 = Debug|Any CPU
		{2E4B4C29-D9CB-4BF1-98CE-3CB0463B886F}.Release|Any CPU.ActiveCfg = Release|Any CPU
		{2E4B4C29-D9CB-4BF1-98CE-3CB0463B886F}.Release|Any CPU.Build.0 = Release|Any CPU
	EndGlobalSection
	GlobalSection(SolutionProperties) = preSolution
		HideSolutionNode = FALSE
	EndGlobalSection
	GlobalSection(ExtensibilityGlobals) = postSolution
		SolutionGuid = {623F2F46-CAED-4491-B9A7-C3F54E189312}
	EndGlobalSection
EndGlobal
